PODS:
  - Alamofire (4.7.2)
  - AlamofireImage (3.3.1):
    - Alamofire (~> 4.5)
  - SpreadsheetView (0.8.4)
  - XLPagerTabStrip (8.0.1)

DEPENDENCIES:
  - Alamofire (~> 4.7)
  - AlamofireImage (~> 3.3)
  - SpreadsheetView
  - XLPagerTabStrip (~> 8.0)

SPEC REPOS:
  https://github.com/CocoaPods/Specs.git:
    - Alamofire
    - AlamofireImage
    - SpreadsheetView
    - XLPagerTabStrip

SPEC CHECKSUMS:
  Alamofire: e4fa87002c137ba2d8d634d2c51fabcda0d5c223
  AlamofireImage: 3b35b586853abaf94ca1250f4e94cff3c21a4c0d
  SpreadsheetView: 17c55b6dc82099993cc2ceb818248d19f3220998
  XLPagerTabStrip: c908b17cbf42fcd2598ee1adfc49bae25444d88a

PODFILE CHECKSUM: 3b292d415693e204ee2c0eac42c33aec7a0e05bb

COCOAPODS: 1.5.0
