PODS:
  - SpreadsheetView (0.9.1)
  - SVProgressHUD (2.2.5)
  - XLPagerTabStrip (8.1.1)

DEPENDENCIES:
  - SpreadsheetView
  - SVProgressHUD (from `https://github.com/mmdock/SVProgressHUD.git`, branch `patch-1`)
  - XLPagerTabStrip (~> 8.0)

SPEC REPOS:
  trunk:
    - SpreadsheetView
    - XLPagerTabStrip

EXTERNAL SOURCES:
  SVProgressHUD:
    :branch: patch-1
    :git: https://github.com/mmdock/SVProgressHUD.git

CHECKOUT OPTIONS:
  SVProgressHUD:
    :commit: 41afba447103c44c55482db1174569172607c1e6
    :git: https://github.com/mmdock/SVProgressHUD.git

SPEC CHECKSUMS:
  SpreadsheetView: 688dbd19f2b355df0eb09e486266fd913a013449
  SVProgressHUD: 1428aafac632c1f86f62aa4243ec12008d7a51d6
  XLPagerTabStrip: 63166e21c9844fa30f2d95d30f335e73be5caf22

PODFILE CHECKSUM: 04c519d85527106850e61157417fec92568471cc

COCOAPODS: 1.11.2
