{
  "originHash" : "382041e57df2f2e89b226e16d906031e5105a48a3b3ffa233beefdfa23034c3b",
  "pins" : [
    {
      "identity" : "alerttoast",
      "kind" : "remoteSourceControl",
      "location" : "https://github.com/elai950/AlertToast.git",
      "state" : {
        "revision" : "a4f4267f6454259ba4ed8f9dadb87334a789c26c",
        "version" : "1.3.7"
      }
    },
    {
      "identity" : "html2markdown",
      "kind" : "remoteSourceControl",
      "location" : "https://gitlab.com/mflint/HTML2Markdown",
      "state" : {
        "branch" : "main",
        "revision" : "3ca89a6bbe7e0b0810405d130c75a0b37ca632e2"
      }
    },
    {
      "identity" : "htmlstring",
      "kind" : "remoteSourceControl",
      "location" : "https://github.com/alexaubry/HTMLString",
      "state" : {
        "revision" : "04613a3b0f40a91e554b5174c0a10657f1a26357",
        "version" : "6.0.1"
      }
    },
    {
      "identity" : "pagertabstripview",
      "kind" : "remoteSourceControl",
      "location" : "https://github.com/Logarythms/PagerTabStripView",
      "state" : {
        "branch" : "xcode143fix",
        "revision" : "a6e750d0659a96f5256053127ac98ddae81b9d46"
      }
    }
  ],
  "version" : 3
}
