{
  "pins" : [
    {
      "identity" : "pagertabstripview",
      "kind" : "remoteSourceControl",
      "location" : "https://github.com/xmartlabs/PagerTabStripView",
      "state" : {
        "revision" : "96967dce463637e070fe17eba6537237b095c2ba",
        "version" : "3.2.0"
      }
    }
  ],
  "version" : 2
}
